{
  "nodes": {
    "flake-parts": {
      "inputs": {
        "nixpkgs-lib": [
          "unit2nix",
          "nixpkgs"
        ]
      },
      "locked": {
        "lastModified": 1775087534,
        "narHash": "sha256-91qqW8lhL7TLwgQWijoGBbiD4t7/q75KTi8NxjVmSmA=",
        "owner": "hercules-ci",
        "repo": "flake-parts",
        "rev": "3107b77cd68437b9a76194f0f7f9c55f2329ca5b",
        "type": "github"
      },
      "original": {
        "owner": "hercules-ci",
        "repo": "flake-parts",
        "type": "github"
      }
    },
    "nixpkgs": {
      "locked": {
        "lastModified": 1788752844,
        "narHash": "sha256-VaWGJ6+cIYN2erfSecbRV+4ljI185Ty2wUrXyvQbgOw=",
        "owner": "NixOS",
        "repo": "nixpkgs",
        "rev": "dc5d91f840324650bac8c379428c7037a416959a",
        "type": "github"
      },
      "original": {
        "owner": "NixOS",
        "ref": "nixos-unstable",
        "repo": "nixpkgs",
        "type": "github"
      }
    },
    "root": {
      "inputs": {
        "nixpkgs": "nixpkgs",
        "rust-overlay": "rust-overlay",
        "unit2nix": "unit2nix"
      }
    },
    "rust-overlay": {
      "inputs": {
        "nixpkgs": [
          "nixpkgs"
        ]
      },
      "locked": {
        "lastModified": 1788765185,
        "narHash": "sha256-pp8lb5CrKjmscZbTK34HuCaq18zDU4Q6zlaD5dS+Hi4=",
        "owner": "oxalica",
        "repo": "rust-overlay",
        "rev": "ca7f624be3935a5bc46d2c240515491ab8675503",
        "type": "github"
      },
      "original": {
        "owner": "oxalica",
        "repo": "rust-overlay",
        "type": "github"
      }
    },
    "unit2nix": {
      "inputs": {
        "flake-parts": "flake-parts",
        "nixpkgs": [
          "nixpkgs"
        ]
      },
      "locked": {
        "lastModified": 1776912549,
        "narHash": "sha256-gRcqbQ0NnPeS0rGVieUe1ojJ7MYPcG0NZ1pqnPmBUdc=",
        "owner": "brittonr",
        "repo": "unit2nix",
        "rev": "d4883180de0ce3033b7e4e2ab4216f33134863c5",
        "type": "github"
      },
      "original": {
        "owner": "brittonr",
        "repo": "unit2nix",
        "type": "github"
      }
    }
  },
  "root": "root",
  "version": 7
}
