{
  "nodes": {
    "nixpkgs": {
      "locked": {
        "lastModified": 1772624091,
        "narHash": "sha256-QKyJ0QGWBn6r0invrMAK8dmJoBYWoOWy7lN+UHzW1jc=",
        "owner": "NixOS",
        "repo": "nixpkgs",
        "rev": "80bdc1e5ce51f56b19791b52b2901187931f5353",
        "type": "github"
      },
      "original": {
        "owner": "NixOS",
        "ref": "nixos-unstable",
        "repo": "nixpkgs",
        "type": "github"
      }
    },
    "root": {
      "inputs": {
        "nixpkgs": "nixpkgs",
        "rust-overlay": "rust-overlay",
        "unit2nix": "unit2nix"
      }
    },
    "rust-overlay": {
      "inputs": {
        "nixpkgs": [
          "nixpkgs"
        ]
      },
      "locked": {
        "lastModified": 1772744122,
        "narHash": "sha256-T9zhmb41IA0tpTaY/nDhCYEXUod48y09/pkSMPklyfE=",
        "owner": "oxalica",
        "repo": "rust-overlay",
        "rev": "c35dade1cfee9a17f46f429e2983841801461ac9",
        "type": "github"
      },
      "original": {
        "owner": "oxalica",
        "repo": "rust-overlay",
        "type": "github"
      }
    },
    "unit2nix": {
      "inputs": {
        "nixpkgs": [
          "nixpkgs"
        ]
      },
      "locked": {
        "lastModified": 1772755087,
        "narHash": "sha256-ko7yG3Cyh8bJulomwYttnsgxTuhMj7ymYPyW4QHwOvU=",
        "owner": "brittonr",
        "repo": "unit2nix",
        "rev": "8619cc287af6b93b5112a889f09423b8bad4cc11",
        "type": "github"
      },
      "original": {
        "owner": "brittonr",
        "repo": "unit2nix",
        "type": "github"
      }
    }
  },
  "root": "root",
  "version": 7
}
